// !$*UTF8*$!
{
	archiveVersion = 1;
	classes = {
	};
	objectVersion = 56;
	objects = {

/* Begin PBXBuildFile section */
		A357EF8C29B060F1007E7B20 /* CoreDataPublisher.swift in Sources */ = {isa = PBXBuildFile; fileRef = A357EF8B29B060F1007E7B20 /* CoreDataPublisher.swift */; };
		A39AB55029AF5E3800C91CFF /* CoreDataCombineApp.swift in Sources */ = {isa = PBXBuildFile; fileRef = A39AB54F29AF5E3800C91CFF /* CoreDataCombineApp.swift */; };
		A39AB55229AF5E3800C91CFF /* ContentView.swift in Sources */ = {isa = PBXBuildFile; fileRef = A39AB55129AF5E3800C91CFF /* ContentView.swift */; };
		A39AB55429AF5E3900C91CFF /* Assets.xcassets in Resources */ = {isa = PBXBuildFile; fileRef = A39AB55329AF5E3900C91CFF /* Assets.xcassets */; };
		A39AB55729AF5E3900C91CFF /* Preview Assets.xcassets in Resources */ = {isa = PBXBuildFile; fileRef = A39AB55629AF5E3900C91CFF /* Preview Assets.xcassets */; };
		A39AB55929AF5E3900C91CFF /* Persistence.swift in Sources */ = {isa = PBXBuildFile; fileRef = A39AB55829AF5E3900C91CFF /* Persistence.swift */; };
		A39AB55C29AF5E3900C91CFF /* CoreDataCombine.xcdatamodeld in Sources */ = {isa = PBXBuildFile; fileRef = A39AB55A29AF5E3900C91CFF /* CoreDataCombine.xcdatamodeld */; };
/* End PBXBuildFile section */

/* Begin PBXFileReference section */
		A357EF8B29B060F1007E7B20 /* CoreDataPublisher.swift */ = {isa = PBXFileReference; lastKnownFileType = sourcecode.swift; path = CoreDataPublisher.swift; sourceTree = "<group>"; };
		A39AB54C29AF5E3800C91CFF /* CoreDataCombine.app */ = {isa = PBXFileReference; explicitFileType = wrapper.application; includeInIndex = 0; path = CoreDataCombine.app; sourceTree = BUILT_PRODUCTS_DIR; };
		A39AB54F29AF5E3800C91CFF /* CoreDataCombineApp.swift */ = {isa = PBXFileReference; lastKnownFileType = sourcecode.swift; path = CoreDataCombineApp.swift; sourceTree = "<group>"; };
		A39AB55129AF5E3800C91CFF /* ContentView.swift */ = {isa = PBXFileReference; lastKnownFileType = sourcecode.swift; path = ContentView.swift; sourceTree = "<group>"; };
		A39AB55329AF5E3900C91CFF /* Assets.xcassets */ = {isa = PBXFileReference; lastKnownFileType = folder.assetcatalog; path = Assets.xcassets; sourceTree = "<group>"; };
		A39AB55629AF5E3900C91CFF /* Preview Assets.xcassets */ = {isa = PBXFileReference; lastKnownFileType = folder.assetcatalog; path = "Preview Assets.xcassets"; sourceTree = "<group>"; };
		A39AB55829AF5E3900C91CFF /* Persistence.swift */ = {isa = PBXFileReference; lastKnownFileType = sourcecode.swift; path = Persistence.swift; sourceTree = "<group>"; };
		A39AB55B29AF5E3900C91CFF /* CoreDataCombine.xcdatamodel */ = {isa = PBXFileReference; lastKnownFileType = wrapper.xcdatamodel; path = CoreDataCombine.xcdatamodel; sourceTree = "<group>"; };
/* End PBXFileReference section */

/* Begin PBXFrameworksBuildPhase section */
		A39AB54929AF5E3800C91CFF /* Frameworks */ = {
			isa = PBXFrameworksBuildPhase;
			buildActionMask = 2147483647;
			files = (
			);
			runOnlyForDeploymentPostprocessing = 0;
		};
/* End PBXFrameworksBuildPhase section */

/* Begin PBXGroup section */
		A39AB54329AF5E3800C91CFF = {
			isa = PBXGroup;
			children = (
				A39AB54E29AF5E3800C91CFF /* CoreDataCombine */,
				A39AB54D29AF5E3800C91CFF /* Products */,
			);
			sourceTree = "<group>";
		};
		A39AB54D29AF5E3800C91CFF /* Products */ = {
			isa = PBXGroup;
			children = (
				A39AB54C29AF5E3800C91CFF /* CoreDataCombine.app */,
			);
			name = Products;
			sourceTree = "<group>";
		};
		A39AB54E29AF5E3800C91CFF /* CoreDataCombine */ = {
			isa = PBXGroup;
			children = (
				A39AB54F29AF5E3800C91CFF /* CoreDataCombineApp.swift */,
				A39AB55129AF5E3800C91CFF /* ContentView.swift */,
				A39AB55329AF5E3900C91CFF /* Assets.xcassets */,
				A39AB55829AF5E3900C91CFF /* Persistence.swift */,
				A357EF8B29B060F1007E7B20 /* CoreDataPublisher.swift */,
				A39AB55A29AF5E3900C91CFF /* CoreDataCombine.xcdatamodeld */,
				A39AB55529AF5E3900C91CFF /* Preview Content */,
			);
			path = CoreDataCombine;
			sourceTree = "<group>";
		};
		A39AB55529AF5E3900C91CFF /* Preview Content */ = {
			isa = PBXGroup;
			children = (
				A39AB55629AF5E3900C91CFF /* Preview Assets.xcassets */,
			);
			path = "Preview Content";
			sourceTree = "<group>";
		};
/* End PBXGroup section */

/* Begin PBXNativeTarget section */
		A39AB54B29AF5E3800C91CFF /* CoreDataCombine */ = {
			isa = PBXNativeTarget;
			buildConfigurationList = A39AB55F29AF5E3900C91CFF /* Build configuration list for PBXNativeTarget "CoreDataCombine" */;
			buildPhases = (
				A39AB54829AF5E3800C91CFF /* Sources */,
				A39AB54929AF5E3800C91CFF /* Frameworks */,
				A39AB54A29AF5E3800C91CFF /* Resources */,
			);
			buildRules = (
			);
			dependencies = (
			);
			name = CoreDataCombine;
			productName = CoreDataCombine;
			productReference = A39AB54C29AF5E3800C91CFF /* CoreDataCombine.app */;
			productType = "com.apple.product-type.application";
		};
/* End PBXNativeTarget section */

/* Begin PBXProject section */
		A39AB54429AF5E3800C91CFF /* Project object */ = {
			isa = PBXProject;
			attributes = {
				BuildIndependentTargetsInParallel = 1;
				LastSwiftUpdateCheck = 1410;
				LastUpgradeCheck = 1410;
				TargetAttributes = {
					A39AB54B29AF5E3800C91CFF = {
						CreatedOnToolsVersion = 14.1;
					};
				};
			};
			buildConfigurationList = A39AB54729AF5E3800C91CFF /* Build configuration list for PBXProject "CoreDataCombine" */;
			compatibilityVersion = "Xcode 14.0";
			developmentRegion = en;
			hasScannedForEncodings = 0;
			knownRegions = (
				en,
				Base,
			);
			mainGroup = A39AB54329AF5E3800C91CFF;
			productRefGroup = A39AB54D29AF5E3800C91CFF /* Products */;
			projectDirPath = "";
			projectRoot = "";
			targets = (
				A39AB54B29AF5E3800C91CFF /* CoreDataCombine */,
			);
		};
/* End PBXProject section */

/* Begin PBXResourcesBuildPhase section */
		A39AB54A29AF5E3800C91CFF /* Resources */ = {
			isa = PBXResourcesBuildPhase;
			buildActionMask = 2147483647;
			files = (
				A39AB55729AF5E3900C91CFF /* Preview Assets.xcassets in Resources */,
				A39AB55429AF5E3900C91CFF /* Assets.xcassets in Resources */,
			);
			runOnlyForDeploymentPostprocessing = 0;
		};
/* End PBXResourcesBuildPhase section */

/* Begin PBXSourcesBuildPhase section */
		A39AB54829AF5E3800C91CFF /* Sources */ = {
			isa = PBXSourcesBuildPhase;
			buildActionMask = 2147483647;
			files = (
				A39AB55C29AF5E3900C91CFF /* CoreDataCombine.xcdatamodeld in Sources */,
				A357EF8C29B060F1007E7B20 /* CoreDataPublisher.swift in Sources */,
				A39AB55929AF5E3900C91CFF /* Persistence.swift in Sources */,
				A39AB55229AF5E3800C91CFF /* ContentView.swift in Sources */,
				A39AB55029AF5E3800C91CFF /* CoreDataCombineApp.swift in Sources */,
			);
			runOnlyForDeploymentPostprocessing = 0;
		};
/* End PBXSourcesBuildPhase section */

/* Begin XCBuildConfiguration section */
		A39AB55D29AF5E3900C91CFF /* Debug */ = {
			isa = XCBuildConfiguration;
			buildSettings = {
				ALWAYS_SEARCH_USER_PATHS = NO;
				CLANG_ANALYZER_NONNULL = YES;
				CLANG_ANALYZER_NUMBER_OBJECT_CONVERSION = YES_AGGRESSIVE;
				CLANG_CXX_LANGUAGE_STANDARD = "gnu++20";
				CLANG_ENABLE_MODULES = YES;
				CLANG_ENABLE_OBJC_ARC = YES;
				CLANG_ENABLE_OBJC_WEAK = YES;
				CLANG_WARN_BLOCK_CAPTURE_AUTORELEASING = YES;
				CLANG_WARN_BOOL_CONVERSION = YES;
				CLANG_WARN_COMMA = YES;
				CLANG_WARN_CONSTANT_CONVERSION = YES;
				CLANG_WARN_DEPRECATED_OBJC_IMPLEMENTATIONS = YES;
				CLANG_WARN_DIRECT_OBJC_ISA_USAGE = YES_ERROR;
				CLANG_WARN_DOCUMENTATION_COMMENTS = YES;
				CLANG_WARN_EMPTY_BODY = YES;
				CLANG_WARN_ENUM_CONVERSION = YES;
				CLANG_WARN_INFINITE_RECURSION = YES;
				CLANG_WARN_INT_CONVERSION = YES;
				CLANG_WARN_NON_LITERAL_NULL_CONVERSION = YES;
				CLANG_WARN_OBJC_IMPLICIT_RETAIN_SELF = YES;
				CLANG_WARN_OBJC_LITERAL_CONVERSION = YES;
				CLANG_WARN_OBJC_ROOT_CLASS = YES_ERROR;
				CLANG_WARN_QUOTED_INCLUDE_IN_FRAMEWORK_HEADER = YES;
				CLANG_WARN_RANGE_LOOP_ANALYSIS = YES;
				CLANG_WARN_STRICT_PROTOTYPES = YES;
				CLANG_WARN_SUSPICIOUS_MOVE = YES;
				CLANG_WARN_UNGUARDED_AVAILABILITY = YES_AGGRESSIVE;
				CLANG_WARN_UNREACHABLE_CODE = YES;
				CLANG_WARN__DUPLICATE_METHOD_MATCH = YES;
				COPY_PHASE_STRIP = NO;
				DEBUG_INFORMATION_FORMAT = dwarf;
				ENABLE_STRICT_OBJC_MSGSEND = YES;
				ENABLE_TESTABILITY = YES;
				GCC_C_LANGUAGE_STANDARD = gnu11;
				GCC_DYNAMIC_NO_PIC = NO;
				GCC_NO_COMMON_BLOCKS = YES;
				GCC_OPTIMIZATION_LEVEL = 0;
				GCC_PREPROCESSOR_DEFINITIONS = (
					"DEBUG=1",
					"$(inherited)",
				);
				GCC_WARN_64_TO_32_BIT_CONVERSION = YES;
				GCC_WARN_ABOUT_RETURN_TYPE = YES_ERROR;
				GCC_WARN_UNDECLARED_SELECTOR = YES;
				GCC_WARN_UNINITIALIZED_AUTOS = YES_AGGRESSIVE;
				GCC_WARN_UNUSED_FUNCTION = YES;
				GCC_WARN_UNUSED_VARIABLE = YES;
				IPHONEOS_DEPLOYMENT_TARGET = 16.1;
				MTL_ENABLE_DEBUG_INFO = INCLUDE_SOURCE;
				MTL_FAST_MATH = YES;
				ONLY_ACTIVE_ARCH = YES;
				SDKROOT = iphoneos;
				SWIFT_ACTIVE_COMPILATION_CONDITIONS = DEBUG;
				SWIFT_OPTIMIZATION_LEVEL = "-Onone";
			};
			name = Debug;
		};
		A39AB55E29AF5E3900C91CFF /* Release */ = {
			isa = XCBuildConfiguration;
			buildSettings = {
				ALWAYS_SEARCH_USER_PATHS = NO;
				CLANG_ANALYZER_NONNULL = YES;
				CLANG_ANALYZER_NUMBER_OBJECT_CONVERSION = YES_AGGRESSIVE;
				CLANG_CXX_LANGUAGE_STANDARD = "gnu++20";
				CLANG_ENABLE_MODULES = YES;
				CLANG_ENABLE_OBJC_ARC = YES;
				CLANG_ENABLE_OBJC_WEAK = YES;
				CLANG_WARN_BLOCK_CAPTURE_AUTORELEASING = YES;
				CLANG_WARN_BOOL_CONVERSION = YES;
				CLANG_WARN_COMMA = YES;
				CLANG_WARN_CONSTANT_CONVERSION = YES;
				CLANG_WARN_DEPRECATED_OBJC_IMPLEMENTATIONS = YES;
				CLANG_WARN_DIRECT_OBJC_ISA_USAGE = YES_ERROR;
				CLANG_WARN_DOCUMENTATION_COMMENTS = YES;
				CLANG_WARN_EMPTY_BODY = YES;
				CLANG_WARN_ENUM_CONVERSION = YES;
				CLANG_WARN_INFINITE_RECURSION = YES;
				CLANG_WARN_INT_CONVERSION = YES;
				CLANG_WARN_NON_LITERAL_NULL_CONVERSION = YES;
				CLANG_WARN_OBJC_IMPLICIT_RETAIN_SELF = YES;
				CLANG_WARN_OBJC_LITERAL_CONVERSION = YES;
				CLANG_WARN_OBJC_ROOT_CLASS = YES_ERROR;
				CLANG_WARN_QUOTED_INCLUDE_IN_FRAMEWORK_HEADER = YES;
				CLANG_WARN_RANGE_LOOP_ANALYSIS = YES;
				CLANG_WARN_STRICT_PROTOTYPES = YES;
				CLANG_WARN_SUSPICIOUS_MOVE = YES;
				CLANG_WARN_UNGUARDED_AVAILABILITY = YES_AGGRESSIVE;
				CLANG_WARN_UNREACHABLE_CODE = YES;
				CLANG_WARN__DUPLICATE_METHOD_MATCH = YES;
				COPY_PHASE_STRIP = NO;
				DEBUG_INFORMATION_FORMAT = "dwarf-with-dsym";
				ENABLE_NS_ASSERTIONS = NO;
				ENABLE_STRICT_OBJC_MSGSEND = YES;
				GCC_C_LANGUAGE_STANDARD = gnu11;
				GCC_NO_COMMON_BLOCKS = YES;
				GCC_WARN_64_TO_32_BIT_CONVERSION = YES;
				GCC_WARN_ABOUT_RETURN_TYPE = YES_ERROR;
				GCC_WARN_UNDECLARED_SELECTOR = YES;
				GCC_WARN_UNINITIALIZED_AUTOS = YES_AGGRESSIVE;
				GCC_WARN_UNUSED_FUNCTION = YES;
				GCC_WARN_UNUSED_VARIABLE = YES;
				IPHONEOS_DEPLOYMENT_TARGET = 16.1;
				MTL_ENABLE_DEBUG_INFO = NO;
				MTL_FAST_MATH = YES;
				SDKROOT = iphoneos;
				SWIFT_COMPILATION_MODE = wholemodule;
				SWIFT_OPTIMIZATION_LEVEL = "-O";
				VALIDATE_PRODUCT = YES;
			};
			name = Release;
		};
		A39AB56029AF5E3900C91CFF /* Debug */ = {
			isa = XCBuildConfiguration;
			buildSettings = {
				ASSETCATALOG_COMPILER_APPICON_NAME = AppIcon;
				ASSETCATALOG_COMPILER_GLOBAL_ACCENT_COLOR_NAME = AccentColor;
				CODE_SIGN_STYLE = Automatic;
				CURRENT_PROJECT_VERSION = 1;
				DEVELOPMENT_ASSET_PATHS = "\"CoreDataCombine/Preview Content\"";
				ENABLE_PREVIEWS = YES;
				GENERATE_INFOPLIST_FILE = YES;
				INFOPLIST_KEY_UIApplicationSceneManifest_Generation = YES;
				INFOPLIST_KEY_UIApplicationSupportsIndirectInputEvents = YES;
				INFOPLIST_KEY_UILaunchScreen_Generation = YES;
				INFOPLIST_KEY_UISupportedInterfaceOrientations_iPad = "UIInterfaceOrientationPortrait UIInterfaceOrientationPortraitUpsideDown UIInterfaceOrientationLandscapeLeft UIInterfaceOrientationLandscapeRight";
				INFOPLIST_KEY_UISupportedInterfaceOrientations_iPhone = "UIInterfaceOrientationPortrait UIInterfaceOrientationLandscapeLeft UIInterfaceOrientationLandscapeRight";
				LD_RUNPATH_SEARCH_PATHS = (
					"$(inherited)",
					"@executable_path/Frameworks",
				);
				MARKETING_VERSION = 1.0;
				PRODUCT_BUNDLE_IDENTIFIER = com.example.CoreDataCombine;
				PRODUCT_NAME = "$(TARGET_NAME)";
				SWIFT_EMIT_LOC_STRINGS = YES;
				SWIFT_VERSION = 5.0;
				TARGETED_DEVICE_FAMILY = "1,2";
			};
			name = Debug;
		};
		A39AB56129AF5E3900C91CFF /* Release */ = {
			isa = XCBuildConfiguration;
			buildSettings = {
				ASSETCATALOG_COMPILER_APPICON_NAME = AppIcon;
				ASSETCATALOG_COMPILER_GLOBAL_ACCENT_COLOR_NAME = AccentColor;
				CODE_SIGN_STYLE = Automatic;
				CURRENT_PROJECT_VERSION = 1;
				DEVELOPMENT_ASSET_PATHS = "\"CoreDataCombine/Preview Content\"";
				ENABLE_PREVIEWS = YES;
				GENERATE_INFOPLIST_FILE = YES;
				INFOPLIST_KEY_UIApplicationSceneManifest_Generation = YES;
				INFOPLIST_KEY_UIApplicationSupportsIndirectInputEvents = YES;
				INFOPLIST_KEY_UILaunchScreen_Generation = YES;
				INFOPLIST_KEY_UISupportedInterfaceOrientations_iPad = "UIInterfaceOrientationPortrait UIInterfaceOrientationPortraitUpsideDown UIInterfaceOrientationLandscapeLeft UIInterfaceOrientationLandscapeRight";
				INFOPLIST_KEY_UISupportedInterfaceOrientations_iPhone = "UIInterfaceOrientationPortrait UIInterfaceOrientationLandscapeLeft UIInterfaceOrientationLandscapeRight";
				LD_RUNPATH_SEARCH_PATHS = (
					"$(inherited)",
					"@executable_path/Frameworks",
				);
				MARKETING_VERSION = 1.0;
				PRODUCT_BUNDLE_IDENTIFIER = com.example.CoreDataCombine;
				PRODUCT_NAME = "$(TARGET_NAME)";
				SWIFT_EMIT_LOC_STRINGS = YES;
				SWIFT_VERSION = 5.0;
				TARGETED_DEVICE_FAMILY = "1,2";
			};
			name = Release;
		};
/* End XCBuildConfiguration section */

/* Begin XCConfigurationList section */
		A39AB54729AF5E3800C91CFF /* Build configuration list for PBXProject "CoreDataCombine" */ = {
			isa = XCConfigurationList;
			buildConfigurations = (
				A39AB55D29AF5E3900C91CFF /* Debug */,
				A39AB55E29AF5E3900C91CFF /* Release */,
			);
			defaultConfigurationIsVisible = 0;
			defaultConfigurationName = Release;
		};
		A39AB55F29AF5E3900C91CFF /* Build configuration list for PBXNativeTarget "CoreDataCombine" */ = {
			isa = XCConfigurationList;
			buildConfigurations = (
				A39AB56029AF5E3900C91CFF /* Debug */,
				A39AB56129AF5E3900C91CFF /* Release */,
			);
			defaultConfigurationIsVisible = 0;
			defaultConfigurationName = Release;
		};
/* End XCConfigurationList section */

/* Begin XCVersionGroup section */
		A39AB55A29AF5E3900C91CFF /* CoreDataCombine.xcdatamodeld */ = {
			isa = XCVersionGroup;
			children = (
				A39AB55B29AF5E3900C91CFF /* CoreDataCombine.xcdatamodel */,
			);
			currentVersion = A39AB55B29AF5E3900C91CFF /* CoreDataCombine.xcdatamodel */;
			path = CoreDataCombine.xcdatamodeld;
			sourceTree = "<group>";
			versionGroupType = wrapper.xcdatamodel;
		};
/* End XCVersionGroup section */
	};
	rootObject = A39AB54429AF5E3800C91CFF /* Project object */;
}
